// !$*UTF8*$!
{
	archiveVersion = 1;
	classes = {
	};
	objectVersion = 50;
	objects = {

/* Begin PBXBuildFile section */
		2D89B60D227713B40061E6F5 /* AppDelegate.swift in Sources */ = {isa = PBXBuildFile; fileRef = 2D89B60C227713B40061E6F5 /* AppDelegate.swift */; };
		2D89B62E227728AA0061E6F5 /* ParameterEncoding.swift in Sources */ = {isa = PBXBuildFile; fileRef = 2D89B621227728AA0061E6F5 /* ParameterEncoding.swift */; };
		2D89B62F227728AA0061E6F5 /* URLParameterEncoding.swift in Sources */ = {isa = PBXBuildFile; fileRef = 2D89B622227728AA0061E6F5 /* URLParameterEncoding.swift */; };
		2D89B630227728AA0061E6F5 /* JSONParameterEncoder.swift in Sources */ = {isa = PBXBuildFile; fileRef = 2D89B623227728AA0061E6F5 /* JSONParameterEncoder.swift */; };
		2D89B633227728AA0061E6F5 /* HTTPTask.swift in Sources */ = {isa = PBXBuildFile; fileRef = 2D89B629227728AA0061E6F5 /* HTTPTask.swift */; };
		2D89B634227728AA0061E6F5 /* HTTPMethod.swift in Sources */ = {isa = PBXBuildFile; fileRef = 2D89B62A227728AA0061E6F5 /* HTTPMethod.swift */; };
		2D89B635227728AA0061E6F5 /* Router.swift in Sources */ = {isa = PBXBuildFile; fileRef = 2D89B62B227728AA0061E6F5 /* Router.swift */; };
		2D89B637227728AA0061E6F5 /* EndPointType.swift in Sources */ = {isa = PBXBuildFile; fileRef = 2D89B62D227728AA0061E6F5 /* EndPointType.swift */; };
		2D89B63822772F880061E6F5 /* RedditPostEndPoint.swift in Sources */ = {isa = PBXBuildFile; fileRef = 2D89B627227728AA0061E6F5 /* RedditPostEndPoint.swift */; };
		2D89B63922772FB80061E6F5 /* NetworkManager.swift in Sources */ = {isa = PBXBuildFile; fileRef = 2D89B625227728AA0061E6F5 /* NetworkManager.swift */; };
		2D89B63E227730F00061E6F5 /* RedditPost.swift in Sources */ = {isa = PBXBuildFile; fileRef = 2D89B63C227730F00061E6F5 /* RedditPost.swift */; };
		2D89B642227755DC0061E6F5 /* LaunchScreen.storyboard in Resources */ = {isa = PBXBuildFile; fileRef = 2D89B63F227755DB0061E6F5 /* LaunchScreen.storyboard */; };
		2D89B643227755DC0061E6F5 /* Main.storyboard in Resources */ = {isa = PBXBuildFile; fileRef = 2D89B640227755DB0061E6F5 /* Main.storyboard */; };
		2D89B644227755DC0061E6F5 /* Assets.xcassets in Resources */ = {isa = PBXBuildFile; fileRef = 2D89B641227755DB0061E6F5 /* Assets.xcassets */; };
		2D89B64A227756330061E6F5 /* RedditViewController.swift in Sources */ = {isa = PBXBuildFile; fileRef = 2D89B649227756330061E6F5 /* RedditViewController.swift */; };
		2D89B64D227758B20061E6F5 /* RedditPostTableViewCell.swift in Sources */ = {isa = PBXBuildFile; fileRef = 2D89B64B227758B20061E6F5 /* RedditPostTableViewCell.swift */; };
		2D89B64E227758B20061E6F5 /* RedditPostTableViewCell.xib in Resources */ = {isa = PBXBuildFile; fileRef = 2D89B64C227758B20061E6F5 /* RedditPostTableViewCell.xib */; };
		2D89B650227764B90061E6F5 /* SubRedditInfo.swift in Sources */ = {isa = PBXBuildFile; fileRef = 2D89B64F227764B90061E6F5 /* SubRedditInfo.swift */; };
		2D89B656227765780061E6F5 /* UIImageViewExtension.swift in Sources */ = {isa = PBXBuildFile; fileRef = 2D89B652227765780061E6F5 /* UIImageViewExtension.swift */; };
		2D89B657227765780061E6F5 /* IntExtension.swift in Sources */ = {isa = PBXBuildFile; fileRef = 2D89B653227765780061E6F5 /* IntExtension.swift */; };
		2D89B658227765780061E6F5 /* ImageDownloader.swift in Sources */ = {isa = PBXBuildFile; fileRef = 2D89B654227765780061E6F5 /* ImageDownloader.swift */; };
		2D89B659227765780061E6F5 /* DateExtension.swift in Sources */ = {isa = PBXBuildFile; fileRef = 2D89B655227765780061E6F5 /* DateExtension.swift */; };
		2D89B65B227780A40061E6F5 /* PhotoViewer.storyboard in Resources */ = {isa = PBXBuildFile; fileRef = 2D89B65A227780A40061E6F5 /* PhotoViewer.storyboard */; };
		2D89B65D227780B80061E6F5 /* PhotoViewController.swift in Sources */ = {isa = PBXBuildFile; fileRef = 2D89B65C227780B80061E6F5 /* PhotoViewController.swift */; };
/* End PBXBuildFile section */

/* Begin PBXFileReference section */
		2D89B609227713B40061E6F5 /* mdimore.app */ = {isa = PBXFileReference; explicitFileType = wrapper.application; includeInIndex = 0; path = mdimore.app; sourceTree = BUILT_PRODUCTS_DIR; };
		2D89B60C227713B40061E6F5 /* AppDelegate.swift */ = {isa = PBXFileReference; lastKnownFileType = sourcecode.swift; path = AppDelegate.swift; sourceTree = "<group>"; };
		2D89B618227713B50061E6F5 /* Info.plist */ = {isa = PBXFileReference; lastKnownFileType = text.plist.xml; path = Info.plist; sourceTree = "<group>"; };
		2D89B621227728AA0061E6F5 /* ParameterEncoding.swift */ = {isa = PBXFileReference; fileEncoding = 4; lastKnownFileType = sourcecode.swift; path = ParameterEncoding.swift; sourceTree = "<group>"; };
		2D89B622227728AA0061E6F5 /* URLParameterEncoding.swift */ = {isa = PBXFileReference; fileEncoding = 4; lastKnownFileType = sourcecode.swift; path = URLParameterEncoding.swift; sourceTree = "<group>"; };
		2D89B623227728AA0061E6F5 /* JSONParameterEncoder.swift */ = {isa = PBXFileReference; fileEncoding = 4; lastKnownFileType = sourcecode.swift; path = JSONParameterEncoder.swift; sourceTree = "<group>"; };
		2D89B625227728AA0061E6F5 /* NetworkManager.swift */ = {isa = PBXFileReference; fileEncoding = 4; lastKnownFileType = sourcecode.swift; path = NetworkManager.swift; sourceTree = "<group>"; };
		2D89B627227728AA0061E6F5 /* RedditPostEndPoint.swift */ = {isa = PBXFileReference; fileEncoding = 4; lastKnownFileType = sourcecode.swift; path = RedditPostEndPoint.swift; sourceTree = "<group>"; };
		2D89B629227728AA0061E6F5 /* HTTPTask.swift */ = {isa = PBXFileReference; fileEncoding = 4; lastKnownFileType = sourcecode.swift; path = HTTPTask.swift; sourceTree = "<group>"; };
		2D89B62A227728AA0061E6F5 /* HTTPMethod.swift */ = {isa = PBXFileReference; fileEncoding = 4; lastKnownFileType = sourcecode.swift; path = HTTPMethod.swift; sourceTree = "<group>"; };
		2D89B62B227728AA0061E6F5 /* Router.swift */ = {isa = PBXFileReference; fileEncoding = 4; lastKnownFileType = sourcecode.swift; path = Router.swift; sourceTree = "<group>"; };
		2D89B62D227728AA0061E6F5 /* EndPointType.swift */ = {isa = PBXFileReference; fileEncoding = 4; lastKnownFileType = sourcecode.swift; path = EndPointType.swift; sourceTree = "<group>"; };
		2D89B63C227730F00061E6F5 /* RedditPost.swift */ = {isa = PBXFileReference; fileEncoding = 4; lastKnownFileType = sourcecode.swift; path = RedditPost.swift; sourceTree = "<group>"; };
		2D89B63F227755DB0061E6F5 /* LaunchScreen.storyboard */ = {isa = PBXFileReference; fileEncoding = 4; lastKnownFileType = file.storyboard; path = LaunchScreen.storyboard; sourceTree = "<group>"; };
		2D89B640227755DB0061E6F5 /* Main.storyboard */ = {isa = PBXFileReference; fileEncoding = 4; lastKnownFileType = file.storyboard; path = Main.storyboard; sourceTree = "<group>"; };
		2D89B641227755DB0061E6F5 /* Assets.xcassets */ = {isa = PBXFileReference; lastKnownFileType = folder.assetcatalog; path = Assets.xcassets; sourceTree = "<group>"; };
		2D89B649227756330061E6F5 /* RedditViewController.swift */ = {isa = PBXFileReference; fileEncoding = 4; lastKnownFileType = sourcecode.swift; path = RedditViewController.swift; sourceTree = "<group>"; };
		2D89B64B227758B20061E6F5 /* RedditPostTableViewCell.swift */ = {isa = PBXFileReference; fileEncoding = 4; lastKnownFileType = sourcecode.swift; path = RedditPostTableViewCell.swift; sourceTree = "<group>"; };
		2D89B64C227758B20061E6F5 /* RedditPostTableViewCell.xib */ = {isa = PBXFileReference; fileEncoding = 4; lastKnownFileType = file.xib; path = RedditPostTableViewCell.xib; sourceTree = "<group>"; };
		2D89B64F227764B90061E6F5 /* SubRedditInfo.swift */ = {isa = PBXFileReference; fileEncoding = 4; lastKnownFileType = sourcecode.swift; path = SubRedditInfo.swift; sourceTree = "<group>"; };
		2D89B652227765780061E6F5 /* UIImageViewExtension.swift */ = {isa = PBXFileReference; fileEncoding = 4; lastKnownFileType = sourcecode.swift; path = UIImageViewExtension.swift; sourceTree = "<group>"; };
		2D89B653227765780061E6F5 /* IntExtension.swift */ = {isa = PBXFileReference; fileEncoding = 4; lastKnownFileType = sourcecode.swift; path = IntExtension.swift; sourceTree = "<group>"; };
		2D89B654227765780061E6F5 /* ImageDownloader.swift */ = {isa = PBXFileReference; fileEncoding = 4; lastKnownFileType = sourcecode.swift; path = ImageDownloader.swift; sourceTree = "<group>"; };
		2D89B655227765780061E6F5 /* DateExtension.swift */ = {isa = PBXFileReference; fileEncoding = 4; lastKnownFileType = sourcecode.swift; path = DateExtension.swift; sourceTree = "<group>"; };
		2D89B65A227780A40061E6F5 /* PhotoViewer.storyboard */ = {isa = PBXFileReference; fileEncoding = 4; lastKnownFileType = file.storyboard; path = PhotoViewer.storyboard; sourceTree = "<group>"; };
		2D89B65C227780B80061E6F5 /* PhotoViewController.swift */ = {isa = PBXFileReference; fileEncoding = 4; lastKnownFileType = sourcecode.swift; path = PhotoViewController.swift; sourceTree = "<group>"; };
/* End PBXFileReference section */

/* Begin PBXFrameworksBuildPhase section */
		2D89B606227713B40061E6F5 /* Frameworks */ = {
			isa = PBXFrameworksBuildPhase;
			buildActionMask = 2147483647;
			files = (
			);
			runOnlyForDeploymentPostprocessing = 0;
		};
/* End PBXFrameworksBuildPhase section */

/* Begin PBXGroup section */
		2D89B600227713B40061E6F5 = {
			isa = PBXGroup;
			children = (
				2D89B60B227713B40061E6F5 /* mdimore */,
				2D89B60A227713B40061E6F5 /* Products */,
			);
			sourceTree = "<group>";
		};
		2D89B60A227713B40061E6F5 /* Products */ = {
			isa = PBXGroup;
			children = (
				2D89B609227713B40061E6F5 /* mdimore.app */,
			);
			name = Products;
			sourceTree = "<group>";
		};
		2D89B60B227713B40061E6F5 /* mdimore */ = {
			isa = PBXGroup;
			children = (
				2D89B61E2277283E0061E6F5 /* Application */,
				2D89B6482277561E0061E6F5 /* View */,
				2D89B647227756110061E6F5 /* ViewController */,
				2D89B651227765780061E6F5 /* Helpers */,
				2D89B63A227730F00061E6F5 /* Model */,
				2D89B61F227728AA0061E6F5 /* Networking */,
			);
			path = mdimore;
			sourceTree = "<group>";
		};
		2D89B61E2277283E0061E6F5 /* Application */ = {
			isa = PBXGroup;
			children = (
				2D89B60C227713B40061E6F5 /* AppDelegate.swift */,
				2D89B641227755DB0061E6F5 /* Assets.xcassets */,
				2D89B63F227755DB0061E6F5 /* LaunchScreen.storyboard */,
				2D89B65A227780A40061E6F5 /* PhotoViewer.storyboard */,
				2D89B640227755DB0061E6F5 /* Main.storyboard */,
				2D89B618227713B50061E6F5 /* Info.plist */,
			);
			path = Application;
			sourceTree = "<group>";
		};
		2D89B61F227728AA0061E6F5 /* Networking */ = {
			isa = PBXGroup;
			children = (
				2D89B620227728AA0061E6F5 /* Encoding */,
				2D89B624227728AA0061E6F5 /* Manager */,
				2D89B626227728AA0061E6F5 /* EndPoint */,
				2D89B628227728AA0061E6F5 /* Service */,
			);
			path = Networking;
			sourceTree = "<group>";
		};
		2D89B620227728AA0061E6F5 /* Encoding */ = {
			isa = PBXGroup;
			children = (
				2D89B621227728AA0061E6F5 /* ParameterEncoding.swift */,
				2D89B622227728AA0061E6F5 /* URLParameterEncoding.swift */,
				2D89B623227728AA0061E6F5 /* JSONParameterEncoder.swift */,
			);
			path = Encoding;
			sourceTree = "<group>";
		};
		2D89B624227728AA0061E6F5 /* Manager */ = {
			isa = PBXGroup;
			children = (
				2D89B625227728AA0061E6F5 /* NetworkManager.swift */,
			);
			path = Manager;
			sourceTree = "<group>";
		};
		2D89B626227728AA0061E6F5 /* EndPoint */ = {
			isa = PBXGroup;
			children = (
				2D89B627227728AA0061E6F5 /* RedditPostEndPoint.swift */,
			);
			path = EndPoint;
			sourceTree = "<group>";
		};
		2D89B628227728AA0061E6F5 /* Service */ = {
			isa = PBXGroup;
			children = (
				2D89B629227728AA0061E6F5 /* HTTPTask.swift */,
				2D89B62A227728AA0061E6F5 /* HTTPMethod.swift */,
				2D89B62B227728AA0061E6F5 /* Router.swift */,
				2D89B62D227728AA0061E6F5 /* EndPointType.swift */,
			);
			path = Service;
			sourceTree = "<group>";
		};
		2D89B63A227730F00061E6F5 /* Model */ = {
			isa = PBXGroup;
			children = (
				2D89B64F227764B90061E6F5 /* SubRedditInfo.swift */,
				2D89B63C227730F00061E6F5 /* RedditPost.swift */,
			);
			path = Model;
			sourceTree = "<group>";
		};
		2D89B647227756110061E6F5 /* ViewController */ = {
			isa = PBXGroup;
			children = (
				2D89B65C227780B80061E6F5 /* PhotoViewController.swift */,
				2D89B649227756330061E6F5 /* RedditViewController.swift */,
			);
			path = ViewController;
			sourceTree = "<group>";
		};
		2D89B6482277561E0061E6F5 /* View */ = {
			isa = PBXGroup;
			children = (
				2D89B64B227758B20061E6F5 /* RedditPostTableViewCell.swift */,
				2D89B64C227758B20061E6F5 /* RedditPostTableViewCell.xib */,
			);
			path = View;
			sourceTree = "<group>";
		};
		2D89B651227765780061E6F5 /* Helpers */ = {
			isa = PBXGroup;
			children = (
				2D89B652227765780061E6F5 /* UIImageViewExtension.swift */,
				2D89B653227765780061E6F5 /* IntExtension.swift */,
				2D89B654227765780061E6F5 /* ImageDownloader.swift */,
				2D89B655227765780061E6F5 /* DateExtension.swift */,
			);
			path = Helpers;
			sourceTree = "<group>";
		};
/* End PBXGroup section */

/* Begin PBXNativeTarget section */
		2D89B608227713B40061E6F5 /* mdimore */ = {
			isa = PBXNativeTarget;
			buildConfigurationList = 2D89B61B227713B50061E6F5 /* Build configuration list for PBXNativeTarget "mdimore" */;
			buildPhases = (
				2D89B605227713B40061E6F5 /* Sources */,
				2D89B606227713B40061E6F5 /* Frameworks */,
				2D89B607227713B40061E6F5 /* Resources */,
			);
			buildRules = (
			);
			dependencies = (
			);
			name = mdimore;
			productName = mdimore;
			productReference = 2D89B609227713B40061E6F5 /* mdimore.app */;
			productType = "com.apple.product-type.application";
		};
/* End PBXNativeTarget section */

/* Begin PBXProject section */
		2D89B601227713B40061E6F5 /* Project object */ = {
			isa = PBXProject;
			attributes = {
				LastSwiftUpdateCheck = 1020;
				LastUpgradeCheck = 1020;
				ORGANIZATIONNAME = "Michael Dimore";
				TargetAttributes = {
					2D89B608227713B40061E6F5 = {
						CreatedOnToolsVersion = 10.2.1;
					};
				};
			};
			buildConfigurationList = 2D89B604227713B40061E6F5 /* Build configuration list for PBXProject "mdimore" */;
			compatibilityVersion = "Xcode 9.3";
			developmentRegion = en;
			hasScannedForEncodings = 0;
			knownRegions = (
				en,
				Base,
			);
			mainGroup = 2D89B600227713B40061E6F5;
			productRefGroup = 2D89B60A227713B40061E6F5 /* Products */;
			projectDirPath = "";
			projectRoot = "";
			targets = (
				2D89B608227713B40061E6F5 /* mdimore */,
			);
		};
/* End PBXProject section */

/* Begin PBXResourcesBuildPhase section */
		2D89B607227713B40061E6F5 /* Resources */ = {
			isa = PBXResourcesBuildPhase;
			buildActionMask = 2147483647;
			files = (
				2D89B642227755DC0061E6F5 /* LaunchScreen.storyboard in Resources */,
				2D89B64E227758B20061E6F5 /* RedditPostTableViewCell.xib in Resources */,
				2D89B644227755DC0061E6F5 /* Assets.xcassets in Resources */,
				2D89B65B227780A40061E6F5 /* PhotoViewer.storyboard in Resources */,
				2D89B643227755DC0061E6F5 /* Main.storyboard in Resources */,
			);
			runOnlyForDeploymentPostprocessing = 0;
		};
/* End PBXResourcesBuildPhase section */

/* Begin PBXSourcesBuildPhase section */
		2D89B605227713B40061E6F5 /* Sources */ = {
			isa = PBXSourcesBuildPhase;
			buildActionMask = 2147483647;
			files = (
				2D89B64D227758B20061E6F5 /* RedditPostTableViewCell.swift in Sources */,
				2D89B64A227756330061E6F5 /* RedditViewController.swift in Sources */,
				2D89B635227728AA0061E6F5 /* Router.swift in Sources */,
				2D89B630227728AA0061E6F5 /* JSONParameterEncoder.swift in Sources */,
				2D89B62F227728AA0061E6F5 /* URLParameterEncoding.swift in Sources */,
				2D89B657227765780061E6F5 /* IntExtension.swift in Sources */,
				2D89B656227765780061E6F5 /* UIImageViewExtension.swift in Sources */,
				2D89B633227728AA0061E6F5 /* HTTPTask.swift in Sources */,
				2D89B650227764B90061E6F5 /* SubRedditInfo.swift in Sources */,
				2D89B63922772FB80061E6F5 /* NetworkManager.swift in Sources */,
				2D89B658227765780061E6F5 /* ImageDownloader.swift in Sources */,
				2D89B63822772F880061E6F5 /* RedditPostEndPoint.swift in Sources */,
				2D89B634227728AA0061E6F5 /* HTTPMethod.swift in Sources */,
				2D89B659227765780061E6F5 /* DateExtension.swift in Sources */,
				2D89B62E227728AA0061E6F5 /* ParameterEncoding.swift in Sources */,
				2D89B637227728AA0061E6F5 /* EndPointType.swift in Sources */,
				2D89B63E227730F00061E6F5 /* RedditPost.swift in Sources */,
				2D89B65D227780B80061E6F5 /* PhotoViewController.swift in Sources */,
				2D89B60D227713B40061E6F5 /* AppDelegate.swift in Sources */,
			);
			runOnlyForDeploymentPostprocessing = 0;
		};
/* End PBXSourcesBuildPhase section */

/* Begin XCBuildConfiguration section */
		2D89B619227713B50061E6F5 /* Debug */ = {
			isa = XCBuildConfiguration;
			buildSettings = {
				ALWAYS_SEARCH_USER_PATHS = NO;
				CLANG_ANALYZER_NONNULL = YES;
				CLANG_ANALYZER_NUMBER_OBJECT_CONVERSION = YES_AGGRESSIVE;
				CLANG_CXX_LANGUAGE_STANDARD = "gnu++14";
				CLANG_CXX_LIBRARY = "libc++";
				CLANG_ENABLE_MODULES = YES;
				CLANG_ENABLE_OBJC_ARC = YES;
				CLANG_ENABLE_OBJC_WEAK = YES;
				CLANG_WARN_BLOCK_CAPTURE_AUTORELEASING = YES;
				CLANG_WARN_BOOL_CONVERSION = YES;
				CLANG_WARN_COMMA = YES;
				CLANG_WARN_CONSTANT_CONVERSION = YES;
				CLANG_WARN_DEPRECATED_OBJC_IMPLEMENTATIONS = YES;
				CLANG_WARN_DIRECT_OBJC_ISA_USAGE = YES_ERROR;
				CLANG_WARN_DOCUMENTATION_COMMENTS = YES;
				CLANG_WARN_EMPTY_BODY = YES;
				CLANG_WARN_ENUM_CONVERSION = YES;
				CLANG_WARN_INFINITE_RECURSION = YES;
				CLANG_WARN_INT_CONVERSION = YES;
				CLANG_WARN_NON_LITERAL_NULL_CONVERSION = YES;
				CLANG_WARN_OBJC_IMPLICIT_RETAIN_SELF = YES;
				CLANG_WARN_OBJC_LITERAL_CONVERSION = YES;
				CLANG_WARN_OBJC_ROOT_CLASS = YES_ERROR;
				CLANG_WARN_RANGE_LOOP_ANALYSIS = YES;
				CLANG_WARN_STRICT_PROTOTYPES = YES;
				CLANG_WARN_SUSPICIOUS_MOVE = YES;
				CLANG_WARN_UNGUARDED_AVAILABILITY = YES_AGGRESSIVE;
				CLANG_WARN_UNREACHABLE_CODE = YES;
				CLANG_WARN__DUPLICATE_METHOD_MATCH = YES;
				CODE_SIGN_IDENTITY = "iPhone Developer";
				COPY_PHASE_STRIP = NO;
				DEBUG_INFORMATION_FORMAT = dwarf;
				ENABLE_STRICT_OBJC_MSGSEND = YES;
				ENABLE_TESTABILITY = YES;
				GCC_C_LANGUAGE_STANDARD = gnu11;
				GCC_DYNAMIC_NO_PIC = NO;
				GCC_NO_COMMON_BLOCKS = YES;
				GCC_OPTIMIZATION_LEVEL = 0;
				GCC_PREPROCESSOR_DEFINITIONS = (
					"DEBUG=1",
					"$(inherited)",
				);
				GCC_WARN_64_TO_32_BIT_CONVERSION = YES;
				GCC_WARN_ABOUT_RETURN_TYPE = YES_ERROR;
				GCC_WARN_UNDECLARED_SELECTOR = YES;
				GCC_WARN_UNINITIALIZED_AUTOS = YES_AGGRESSIVE;
				GCC_WARN_UNUSED_FUNCTION = YES;
				GCC_WARN_UNUSED_VARIABLE = YES;
				IPHONEOS_DEPLOYMENT_TARGET = 12.2;
				MTL_ENABLE_DEBUG_INFO = INCLUDE_SOURCE;
				MTL_FAST_MATH = YES;
				ONLY_ACTIVE_ARCH = YES;
				SDKROOT = iphoneos;
				SWIFT_ACTIVE_COMPILATION_CONDITIONS = DEBUG;
				SWIFT_OPTIMIZATION_LEVEL = "-Onone";
			};
			name = Debug;
		};
		2D89B61A227713B50061E6F5 /* Release */ = {
			isa = XCBuildConfiguration;
			buildSettings = {
				ALWAYS_SEARCH_USER_PATHS = NO;
				CLANG_ANALYZER_NONNULL = YES;
				CLANG_ANALYZER_NUMBER_OBJECT_CONVERSION = YES_AGGRESSIVE;
				CLANG_CXX_LANGUAGE_STANDARD = "gnu++14";
				CLANG_CXX_LIBRARY = "libc++";
				CLANG_ENABLE_MODULES = YES;
				CLANG_ENABLE_OBJC_ARC = YES;
				CLANG_ENABLE_OBJC_WEAK = YES;
				CLANG_WARN_BLOCK_CAPTURE_AUTORELEASING = YES;
				CLANG_WARN_BOOL_CONVERSION = YES;
				CLANG_WARN_COMMA = YES;
				CLANG_WARN_CONSTANT_CONVERSION = YES;
				CLANG_WARN_DEPRECATED_OBJC_IMPLEMENTATIONS = YES;
				CLANG_WARN_DIRECT_OBJC_ISA_USAGE = YES_ERROR;
				CLANG_WARN_DOCUMENTATION_COMMENTS = YES;
				CLANG_WARN_EMPTY_BODY = YES;
				CLANG_WARN_ENUM_CONVERSION = YES;
				CLANG_WARN_INFINITE_RECURSION = YES;
				CLANG_WARN_INT_CONVERSION = YES;
				CLANG_WARN_NON_LITERAL_NULL_CONVERSION = YES;
				CLANG_WARN_OBJC_IMPLICIT_RETAIN_SELF = YES;
				CLANG_WARN_OBJC_LITERAL_CONVERSION = YES;
				CLANG_WARN_OBJC_ROOT_CLASS = YES_ERROR;
				CLANG_WARN_RANGE_LOOP_ANALYSIS = YES;
				CLANG_WARN_STRICT_PROTOTYPES = YES;
				CLANG_WARN_SUSPICIOUS_MOVE = YES;
				CLANG_WARN_UNGUARDED_AVAILABILITY = YES_AGGRESSIVE;
				CLANG_WARN_UNREACHABLE_CODE = YES;
				CLANG_WARN__DUPLICATE_METHOD_MATCH = YES;
				CODE_SIGN_IDENTITY = "iPhone Developer";
				COPY_PHASE_STRIP = NO;
				DEBUG_INFORMATION_FORMAT = "dwarf-with-dsym";
				ENABLE_NS_ASSERTIONS = NO;
				ENABLE_STRICT_OBJC_MSGSEND = YES;
				GCC_C_LANGUAGE_STANDARD = gnu11;
				GCC_NO_COMMON_BLOCKS = YES;
				GCC_WARN_64_TO_32_BIT_CONVERSION = YES;
				GCC_WARN_ABOUT_RETURN_TYPE = YES_ERROR;
				GCC_WARN_UNDECLARED_SELECTOR = YES;
				GCC_WARN_UNINITIALIZED_AUTOS = YES_AGGRESSIVE;
				GCC_WARN_UNUSED_FUNCTION = YES;
				GCC_WARN_UNUSED_VARIABLE = YES;
				IPHONEOS_DEPLOYMENT_TARGET = 12.2;
				MTL_ENABLE_DEBUG_INFO = NO;
				MTL_FAST_MATH = YES;
				SDKROOT = iphoneos;
				SWIFT_COMPILATION_MODE = wholemodule;
				SWIFT_OPTIMIZATION_LEVEL = "-O";
				VALIDATE_PRODUCT = YES;
			};
			name = Release;
		};
		2D89B61C227713B50061E6F5 /* Debug */ = {
			isa = XCBuildConfiguration;
			buildSettings = {
				ASSETCATALOG_COMPILER_APPICON_NAME = AppIcon;
				CODE_SIGN_STYLE = Automatic;
				DEVELOPMENT_TEAM = Z56G8V2664;
				INFOPLIST_FILE = "$(SRCROOT)/mdimore/Application/Info.plist";
				LD_RUNPATH_SEARCH_PATHS = (
					"$(inherited)",
					"@executable_path/Frameworks",
				);
				PRODUCT_BUNDLE_IDENTIFIER = com.mad.mdimore;
				PRODUCT_NAME = "$(TARGET_NAME)";
				SWIFT_VERSION = 5.0;
				TARGETED_DEVICE_FAMILY = 1;
			};
			name = Debug;
		};
		2D89B61D227713B50061E6F5 /* Release */ = {
			isa = XCBuildConfiguration;
			buildSettings = {
				ASSETCATALOG_COMPILER_APPICON_NAME = AppIcon;
				CODE_SIGN_STYLE = Automatic;
				DEVELOPMENT_TEAM = Z56G8V2664;
				INFOPLIST_FILE = "$(SRCROOT)/mdimore/Application/Info.plist";
				LD_RUNPATH_SEARCH_PATHS = (
					"$(inherited)",
					"@executable_path/Frameworks",
				);
				PRODUCT_BUNDLE_IDENTIFIER = com.mad.mdimore;
				PRODUCT_NAME = "$(TARGET_NAME)";
				SWIFT_VERSION = 5.0;
				TARGETED_DEVICE_FAMILY = 1;
			};
			name = Release;
		};
/* End XCBuildConfiguration section */

/* Begin XCConfigurationList section */
		2D89B604227713B40061E6F5 /* Build configuration list for PBXProject "mdimore" */ = {
			isa = XCConfigurationList;
			buildConfigurations = (
				2D89B619227713B50061E6F5 /* Debug */,
				2D89B61A227713B50061E6F5 /* Release */,
			);
			defaultConfigurationIsVisible = 0;
			defaultConfigurationName = Release;
		};
		2D89B61B227713B50061E6F5 /* Build configuration list for PBXNativeTarget "mdimore" */ = {
			isa = XCConfigurationList;
			buildConfigurations = (
				2D89B61C227713B50061E6F5 /* Debug */,
				2D89B61D227713B50061E6F5 /* Release */,
			);
			defaultConfigurationIsVisible = 0;
			defaultConfigurationName = Release;
		};
/* End XCConfigurationList section */
	};
	rootObject = 2D89B601227713B40061E6F5 /* Project object */;
}
